<?xml version="1.0" encoding="utf-8"?>
<Project ToolsVersion="4.0" xmlns="http://schemas.microsoft.com/developer/msbuild/2003">
  <ItemGroup>
    <Filter Include="kernel">
      <UniqueIdentifier>{497d8889-ff1c-4a52-9e3d-f183a63be8a1}</UniqueIdentifier>
    </Filter>
    <Filter Include="kernel\include">
      <UniqueIdentifier>{ddbfbb0d-2249-4097-9d32-8ace6dc75e1f}</UniqueIdentifier>
    </Filter>
    <Filter Include="kernel\source">
      <UniqueIdentifier>{084810f0-13c5-42e4-8d41-072bcc27db53}</UniqueIdentifier>
    </Filter>
    <Filter Include="port">
      <UniqueIdentifier>{e65eff24-a199-4463-8c5e-9853d50184d3}</UniqueIdentifier>
    </Filter>
    <Filter Include="port\win32">
      <UniqueIdentifier>{403b6cd5-3538-4852-b973-02413c062a26}</UniqueIdentifier>
    </Filter>
    <Filter Include="port\win32\source">
      <UniqueIdentifier>{0f480a5e-a93f-4a57-bc39-1f72fb28666f}</UniqueIdentifier>
    </Filter>
    <Filter Include="port\include">
      <UniqueIdentifier>{35e08fc4-f5bc-4c43-aeec-635fa85e69e1}</UniqueIdentifier>
    </Filter>
    <Filter Include="nodes">
      <UniqueIdentifier>{c15825f6-0b0e-4686-9ddd-2ff1e9cb8ccc}</UniqueIdentifier>
    </Filter>
    <Filter Include="nodes\include">
      <UniqueIdentifier>{65c5bd9f-9e13-4037-a72f-c918ca60e4f4}</UniqueIdentifier>
    </Filter>
    <Filter Include="nodes\source">
      <UniqueIdentifier>{2095227d-6867-46c6-b633-a2c4b005b2ed}</UniqueIdentifier>
    </Filter>
  </ItemGroup>
  <ItemGroup>
    <ClCompile Include="..\..\kernel\source\nrc_os.c">
      <Filter>kernel\source</Filter>
    </ClCompile>
    <ClCompile Include="main.c">
      <Filter>port\win32</Filter>
    </ClCompile>
    <ClCompile Include="source\nrc_port.c">
      <Filter>port\win32\source</Filter>
    </ClCompile>
    <ClCompile Include="test_port.c">
      <Filter>port\win32\source</Filter>
    </ClCompile>
    <ClCompile Include="..\..\kernel\source\nrc_log.c">
      <Filter>kernel\source</Filter>
    </ClCompile>
    <ClCompile Include="..\..\kernel\source\nrc_timer.c">
      <Filter>kernel\source</Filter>
    </ClCompile>
    <ClCompile Include="..\..\nodes\source\nrc_node_inject.c">
      <Filter>nodes\source</Filter>
    </ClCompile>
    <ClCompile Include="..\..\nodes\source\nrc_node_debug.c">
      <Filter>nodes\source</Filter>
    </ClCompile>
    <ClCompile Include="source\nrc_port_uart.c">
      <Filter>port\win32\source</Filter>
    </ClCompile>
  </ItemGroup>
  <ItemGroup>
    <ClInclude Include="..\..\kernel\include\nrc_os.h">
      <Filter>kernel\include</Filter>
    </ClInclude>
    <ClInclude Include="..\..\kernel\include\nrc_cfg.h">
      <Filter>kernel\include</Filter>
    </ClInclude>
    <ClInclude Include="..\..\kernel\include\nrc_defs.h">
      <Filter>kernel\include</Filter>
    </ClInclude>
    <ClInclude Include="..\..\kernel\include\nrc_msg.h">
      <Filter>kernel\include</Filter>
    </ClInclude>
    <ClInclude Include="..\..\kernel\include\nrc_node.h">
      <Filter>kernel\include</Filter>
    </ClInclude>
    <ClInclude Include="..\..\kernel\include\nrc_types.h">
      <Filter>kernel\include</Filter>
    </ClInclude>
    <ClInclude Include="..\include\nrc_port.h">
      <Filter>port\include</Filter>
    </ClInclude>
    <ClInclude Include="..\include\test_port.h">
      <Filter>port\include</Filter>
    </ClInclude>
    <ClInclude Include="..\..\kernel\include\nrc_log.h">
      <Filter>kernel\include</Filter>
    </ClInclude>
    <ClInclude Include="..\..\kernel\include\nrc_timer.h">
      <Filter>kernel\include</Filter>
    </ClInclude>
    <ClInclude Include="..\..\nodes\include\nrc_node_factory.h">
      <Filter>nodes\include</Filter>
    </ClInclude>
    <ClInclude Include="..\include\nrc_port_uart.h">
      <Filter>port\include</Filter>
    </ClInclude>
    <ClInclude Include="..\..\kernel\include\nrc_serial.h">
      <Filter>kernel\include</Filter>
    </ClInclude>
  </ItemGroup>
</Project>